
Microsoft Visual Studio Solution File, Format Version 12.00
# Visual Studio Version 17
VisualStudioVersion = 17.0.31903.59
MinimumVisualStudioVersion = 10.0.40219.1
Project("{FAE04EC0-301F-11D3-BF4B-00C04F79EFBC}") = "Domain", "Domain\Domain.csproj", "{BDCBDCB5-4A69-46FE-82EF-3106F7BB78EE}"
EndProject
Project("{FAE04EC0-301F-11D3-BF4B-00C04F79EFBC}") = "Infrastructure", "Infrastructure\Infrastructure.csproj", "{CBCAA5B2-EE18-41E8-9CF7-E789B469AE74}"
EndProject
Project("{FAE04EC0-301F-11D3-BF4B-00C04F79EFBC}") = "WebApi", "WebApi\WebApi.csproj", "{D8734A2C-E0D6-4AE2-9F52-84E54F7FF63A}"
EndProject
Global
	GlobalSection(SolutionConfigurationPlatforms) = preSolution
		Debug|Any CPU = Debug|Any CPU
		Release|Any CPU = Release|Any CPU
	EndGlobalSection
	GlobalSection(SolutionProperties) = preSolution
		HideSolutionNode = FALSE
	EndGlobalSection
	GlobalSection(ProjectConfigurationPlatforms) = postSolution
		{BDCBDCB5-4A69-46FE-82EF-3106F7BB78EE}.Debug|Any CPU.ActiveCfg = Debug|Any CPU
		{BDCBDCB5-4A69-46FE-82EF-3106F7BB78EE}.Debug|Any CPU.Build.0 = Debug|Any CPU
		{BDCBDCB5-4A69-46FE-82EF-3106F7BB78EE}.Release|Any CPU.ActiveCfg = Release|Any CPU
		{BDCBDCB5-4A69-46FE-82EF-3106F7BB78EE}.Release|Any CPU.Build.0 = Release|Any CPU
		{CBCAA5B2-EE18-41E8-9CF7-E789B469AE74}.Debug|Any CPU.ActiveCfg = Debug|Any CPU
		{CBCAA5B2-EE18-41E8-9CF7-E789B469AE74}.Debug|Any CPU.Build.0 = Debug|Any CPU
		{CBCAA5B2-EE18-41E8-9CF7-E789B469AE74}.Release|Any CPU.ActiveCfg = Release|Any CPU
		{CBCAA5B2-EE18-41E8-9CF7-E789B469AE74}.Release|Any CPU.Build.0 = Release|Any CPU
		{D8734A2C-E0D6-4AE2-9F52-84E54F7FF63A}.Debug|Any CPU.ActiveCfg = Debug|Any CPU
		{D8734A2C-E0D6-4AE2-9F52-84E54F7FF63A}.Debug|Any CPU.Build.0 = Debug|Any CPU
		{D8734A2C-E0D6-4AE2-9F52-84E54F7FF63A}.Release|Any CPU.ActiveCfg = Release|Any CPU
		{D8734A2C-E0D6-4AE2-9F52-84E54F7FF63A}.Release|Any CPU.Build.0 = Release|Any CPU
	EndGlobalSection
EndGlobal
